{
  "nodes": {
    "flake-utils": {
      "locked": {
        "lastModified": 1631561581,
        "narHash": "sha256-3VQMV5zvxaVLvqqUrNz3iJelLw30mIVSfZmAaauM3dA=",
        "owner": "numtide",
        "repo": "flake-utils",
        "rev": "7e5bf3925f6fbdfaf50a2a7ca0be2879c4261d19",
        "type": "github"
      },
      "original": {
        "owner": "numtide",
        "repo": "flake-utils",
        "type": "github"
      }
    },
    "flake-utils_2": {
      "locked": {
        "lastModified": 1631561581,
        "narHash": "sha256-3VQMV5zvxaVLvqqUrNz3iJelLw30mIVSfZmAaauM3dA=",
        "owner": "numtide",
        "repo": "flake-utils",
        "rev": "7e5bf3925f6fbdfaf50a2a7ca0be2879c4261d19",
        "type": "github"
      },
      "original": {
        "owner": "numtide",
        "repo": "flake-utils",
        "type": "github"
      }
    },
    "flake-utils_3": {
      "locked": {
        "lastModified": 1631561581,
        "narHash": "sha256-3VQMV5zvxaVLvqqUrNz3iJelLw30mIVSfZmAaauM3dA=",
        "owner": "numtide",
        "repo": "flake-utils",
        "rev": "7e5bf3925f6fbdfaf50a2a7ca0be2879c4261d19",
        "type": "github"
      },
      "original": {
        "owner": "numtide",
        "repo": "flake-utils",
        "type": "github"
      }
    },
    "kinc-shader-src": {
      "flake": false,
      "locked": {
        "lastModified": 1625501976,
        "narHash": "sha256-vZEzEl9kfPxd7l/fr4VverZwtBx7cTzY4CwO/PXoej8=",
        "owner": "Kinc-Samples",
        "repo": "Shader-Kinc",
        "rev": "b911f69083c7ce11db21c575fcd4fc720a19564e",
        "type": "github"
      },
      "original": {
        "owner": "Kinc-Samples",
        "repo": "Shader-Kinc",
        "type": "github"
      }
    },
    "kinc-src": {
      "flake": false,
      "locked": {
        "lastModified": 1631724548,
        "narHash": "sha256-E/J/z+ra2i86PwdGfnPG2YnJHoMCrRSzGr87OizWvcU=",
        "owner": "Kode",
        "repo": "Kinc",
        "rev": "42f16f69e7c97852c145dc8862c239feebc54ed5",
        "type": "github"
      },
      "original": {
        "owner": "Kode",
        "repo": "Kinc",
        "type": "github"
      }
    },
    "kinc-texture-src": {
      "flake": false,
      "locked": {
        "lastModified": 1631372719,
        "narHash": "sha256-B3XVbrw/2pIetXRyv+9rsn0l/MzGdGBO5lFg21AbwIs=",
        "owner": "Kinc-Samples",
        "repo": "Texture-Kinc",
        "rev": "295d36ef84bc165c469ab92d82b5bd33badd85ee",
        "type": "github"
      },
      "original": {
        "owner": "Kinc-Samples",
        "repo": "Texture-Kinc",
        "type": "github"
      }
    },
    "kode-flk": {
      "inputs": {
        "flake-utils": "flake-utils_2",
        "kinc-shader-src": "kinc-shader-src",
        "kinc-src": "kinc-src",
        "kinc-texture-src": "kinc-texture-src",
        "nixpkgs": "nixpkgs"
      },
      "locked": {
        "lastModified": 1632157684,
        "narHash": "sha256-4+IxsF9kJO2MrHdmguPu+YAOdXxSnh40CJ2UpsX2M88=",
        "owner": "patternspandemic",
        "repo": "kode-flake",
        "rev": "99a56ac3323f197bc10dbb1fe677e700fa930323",
        "type": "github"
      },
      "original": {
        "owner": "patternspandemic",
        "repo": "kode-flake",
        "type": "github"
      }
    },
    "nixpkgs": {
      "locked": {
        "lastModified": 1631993469,
        "narHash": "sha256-McX1mqzbXtfyf8w9cA5gJHD2mDjen+4ze6xpHHKXuRI=",
        "owner": "nixos",
        "repo": "nixpkgs",
        "rev": "6120ac5cd201f6cb593d1b80e861be0342495be9",
        "type": "github"
      },
      "original": {
        "owner": "nixos",
        "ref": "nixos-21.05",
        "repo": "nixpkgs",
        "type": "github"
      }
    },
    "nixpkgs_2": {
      "locked": {
        "lastModified": 1631993469,
        "narHash": "sha256-McX1mqzbXtfyf8w9cA5gJHD2mDjen+4ze6xpHHKXuRI=",
        "owner": "nixos",
        "repo": "nixpkgs",
        "rev": "6120ac5cd201f6cb593d1b80e861be0342495be9",
        "type": "github"
      },
      "original": {
        "owner": "nixos",
        "ref": "nixos-21.05",
        "repo": "nixpkgs",
        "type": "github"
      }
    },
    "nixpkgs_3": {
      "locked": {
        "lastModified": 1631993469,
        "narHash": "sha256-McX1mqzbXtfyf8w9cA5gJHD2mDjen+4ze6xpHHKXuRI=",
        "owner": "nixos",
        "repo": "nixpkgs",
        "rev": "6120ac5cd201f6cb593d1b80e861be0342495be9",
        "type": "github"
      },
      "original": {
        "owner": "nixos",
        "ref": "nixos-21.05",
        "repo": "nixpkgs",
        "type": "github"
      }
    },
    "root": {
      "inputs": {
        "flake-utils": "flake-utils",
        "kode-flk": "kode-flk",
        "nixpkgs": "nixpkgs_2",
        "s7-flk": "s7-flk"
      }
    },
    "s7-flk": {
      "inputs": {
        "flake-utils": "flake-utils_3",
        "nixpkgs": "nixpkgs_3",
        "s7-man": "s7-man",
        "s7-src": "s7-src"
      },
      "locked": {
        "lastModified": 1634156032,
        "narHash": "sha256-29qkc8NwNnL9oWPF0AJsC1DPki19+2r7CRSdKbfJN/A=",
        "owner": "patternspandemic",
        "repo": "s7-flake",
        "rev": "ac7d32cd63f2432842b75ec95b59a6b8033b2732",
        "type": "github"
      },
      "original": {
        "owner": "patternspandemic",
        "repo": "s7-flake",
        "type": "github"
      }
    },
    "s7-man": {
      "flake": false,
      "locked": {
        "lastModified": 1627497745,
        "narHash": "sha256-R7q44mMEHxTdM4A9ZyLYK8rstIT22Iyat3AwD+8rU+E=",
        "owner": "mobileink",
        "repo": "s7",
        "rev": "d0bf19114648d48e4b9655ecc8afef68441e0171",
        "type": "github"
      },
      "original": {
        "owner": "mobileink",
        "repo": "s7",
        "type": "github"
      }
    },
    "s7-src": {
      "flake": false,
      "locked": {
        "lastModified": 1634117211,
        "narHash": "sha256-HDZkXIMzF2AUrXHeEWtx+ToY75gtAWNLz35LLOQLKU4=",
        "ref": "master",
        "rev": "60797b15443179ce9f4ce5dcda82aa1951f1fd08",
        "revCount": 366,
        "type": "git",
        "url": "https://cm-gitlab.stanford.edu/bil/s7.git"
      },
      "original": {
        "type": "git",
        "url": "https://cm-gitlab.stanford.edu/bil/s7.git"
      }
    }
  },
  "root": "root",
  "version": 7
}
